// !$*UTF8*$!
{
	archiveVersion = 1;
	classes = {
	};
	objectVersion = 50;
	objects = {

/* Begin PBXBuildFile section */
		CFED79B024CA748500DCE238 /* AppDelegate.swift in Sources */ = {isa = PBXBuildFile; fileRef = CFED79AF24CA748500DCE238 /* AppDelegate.swift */; };
		CFED79B224CA748500DCE238 /* SceneDelegate.swift in Sources */ = {isa = PBXBuildFile; fileRef = CFED79B124CA748500DCE238 /* SceneDelegate.swift */; };
		CFED79B424CA748500DCE238 /* ContentView.swift in Sources */ = {isa = PBXBuildFile; fileRef = CFED79B324CA748500DCE238 /* ContentView.swift */; };
		CFED79B624CA748700DCE238 /* Assets.xcassets in Resources */ = {isa = PBXBuildFile; fileRef = CFED79B524CA748700DCE238 /* Assets.xcassets */; };
		CFED79B924CA748700DCE238 /* Preview Assets.xcassets in Resources */ = {isa = PBXBuildFile; fileRef = CFED79B824CA748700DCE238 /* Preview Assets.xcassets */; };
		CFED79BC24CA748700DCE238 /* LaunchScreen.storyboard in Resources */ = {isa = PBXBuildFile; fileRef = CFED79BA24CA748700DCE238 /* LaunchScreen.storyboard */; };
/* End PBXBuildFile section */

/* Begin PBXFileReference section */
		CFED79AC24CA748500DCE238 /* Github Example.app */ = {isa = PBXFileReference; explicitFileType = wrapper.application; includeInIndex = 0; path = "Github Example.app"; sourceTree = BUILT_PRODUCTS_DIR; };
		CFED79AF24CA748500DCE238 /* AppDelegate.swift */ = {isa = PBXFileReference; lastKnownFileType = sourcecode.swift; path = AppDelegate.swift; sourceTree = "<group>"; };
		CFED79B124CA748500DCE238 /* SceneDelegate.swift */ = {isa = PBXFileReference; lastKnownFileType = sourcecode.swift; path = SceneDelegate.swift; sourceTree = "<group>"; };
		CFED79B324CA748500DCE238 /* ContentView.swift */ = {isa = PBXFileReference; lastKnownFileType = sourcecode.swift; path = ContentView.swift; sourceTree = "<group>"; };
		CFED79B524CA748700DCE238 /* Assets.xcassets */ = {isa = PBXFileReference; lastKnownFileType = folder.assetcatalog; path = Assets.xcassets; sourceTree = "<group>"; };
		CFED79B824CA748700DCE238 /* Preview Assets.xcassets */ = {isa = PBXFileReference; lastKnownFileType = folder.assetcatalog; path = "Preview Assets.xcassets"; sourceTree = "<group>"; };
		CFED79BB24CA748700DCE238 /* Base */ = {isa = PBXFileReference; lastKnownFileType = file.storyboard; name = Base; path = Base.lproj/LaunchScreen.storyboard; sourceTree = "<group>"; };
		CFED79BD24CA748700DCE238 /* Info.plist */ = {isa = PBXFileReference; lastKnownFileType = text.plist.xml; path = Info.plist; sourceTree = "<group>"; };
/* End PBXFileReference section */

/* Begin PBXFrameworksBuildPhase section */
		CFED79A924CA748500DCE238 /* Frameworks */ = {
			isa = PBXFrameworksBuildPhase;
			buildActionMask = 2147483647;
			files = (
			);
			runOnlyForDeploymentPostprocessing = 0;
		};
/* End PBXFrameworksBuildPhase section */

/* Begin PBXGroup section */
		CFED79A324CA748500DCE238 = {
			isa = PBXGroup;
			children = (
				CFED79AE24CA748500DCE238 /* Github Example */,
				CFED79AD24CA748500DCE238 /* Products */,
			);
			sourceTree = "<group>";
		};
		CFED79AD24CA748500DCE238 /* Products */ = {
			isa = PBXGroup;
			children = (
				CFED79AC24CA748500DCE238 /* Github Example.app */,
			);
			name = Products;
			sourceTree = "<group>";
		};
		CFED79AE24CA748500DCE238 /* Github Example */ = {
			isa = PBXGroup;
			children = (
				CFED79AF24CA748500DCE238 /* AppDelegate.swift */,
				CFED79B124CA748500DCE238 /* SceneDelegate.swift */,
				CFED79B324CA748500DCE238 /* ContentView.swift */,
				CFED79B524CA748700DCE238 /* Assets.xcassets */,
				CFED79BA24CA748700DCE238 /* LaunchScreen.storyboard */,
				CFED79BD24CA748700DCE238 /* Info.plist */,
				CFED79B724CA748700DCE238 /* Preview Content */,
			);
			path = "Github Example";
			sourceTree = "<group>";
		};
		CFED79B724CA748700DCE238 /* Preview Content */ = {
			isa = PBXGroup;
			children = (
				CFED79B824CA748700DCE238 /* Preview Assets.xcassets */,
			);
			path = "Preview Content";
			sourceTree = "<group>";
		};
/* End PBXGroup section */

/* Begin PBXNativeTarget section */
		CFED79AB24CA748500DCE238 /* Github Example */ = {
			isa = PBXNativeTarget;
			buildConfigurationList = CFED79C024CA748700DCE238 /* Build configuration list for PBXNativeTarget "Github Example" */;
			buildPhases = (
				CFED79A824CA748500DCE238 /* Sources */,
				CFED79A924CA748500DCE238 /* Frameworks */,
				CFED79AA24CA748500DCE238 /* Resources */,
			);
			buildRules = (
			);
			dependencies = (
			);
			name = "Github Example";
			productName = "Github Example";
			productReference = CFED79AC24CA748500DCE238 /* Github Example.app */;
			productType = "com.apple.product-type.application";
		};
/* End PBXNativeTarget section */

/* Begin PBXProject section */
		CFED79A424CA748500DCE238 /* Project object */ = {
			isa = PBXProject;
			attributes = {
				LastSwiftUpdateCheck = 1160;
				LastUpgradeCheck = 1160;
				ORGANIZATIONNAME = "Frank Foster";
				TargetAttributes = {
					CFED79AB24CA748500DCE238 = {
						CreatedOnToolsVersion = 11.6;
					};
				};
			};
			buildConfigurationList = CFED79A724CA748500DCE238 /* Build configuration list for PBXProject "Github Example" */;
			compatibilityVersion = "Xcode 9.3";
			developmentRegion = en;
			hasScannedForEncodings = 0;
			knownRegions = (
				en,
				Base,
			);
			mainGroup = CFED79A324CA748500DCE238;
			productRefGroup = CFED79AD24CA748500DCE238 /* Products */;
			projectDirPath = "";
			projectRoot = "";
			targets = (
				CFED79AB24CA748500DCE238 /* Github Example */,
			);
		};
/* End PBXProject section */

/* Begin PBXResourcesBuildPhase section */
		CFED79AA24CA748500DCE238 /* Resources */ = {
			isa = PBXResourcesBuildPhase;
			buildActionMask = 2147483647;
			files = (
				CFED79BC24CA748700DCE238 /* LaunchScreen.storyboard in Resources */,
				CFED79B924CA748700DCE238 /* Preview Assets.xcassets in Resources */,
				CFED79B624CA748700DCE238 /* Assets.xcassets in Resources */,
			);
			runOnlyForDeploymentPostprocessing = 0;
		};
/* End PBXResourcesBuildPhase section */

/* Begin PBXSourcesBuildPhase section */
		CFED79A824CA748500DCE238 /* Sources */ = {
			isa = PBXSourcesBuildPhase;
			buildActionMask = 2147483647;
			files = (
				CFED79B024CA748500DCE238 /* AppDelegate.swift in Sources */,
				CFED79B224CA748500DCE238 /* SceneDelegate.swift in Sources */,
				CFED79B424CA748500DCE238 /* ContentView.swift in Sources */,
			);
			runOnlyForDeploymentPostprocessing = 0;
		};
/* End PBXSourcesBuildPhase section */

/* Begin PBXVariantGroup section */
		CFED79BA24CA748700DCE238 /* LaunchScreen.storyboard */ = {
			isa = PBXVariantGroup;
			children = (
				CFED79BB24CA748700DCE238 /* Base */,
			);
			name = LaunchScreen.storyboard;
			sourceTree = "<group>";
		};
/* End PBXVariantGroup section */

/* Begin XCBuildConfiguration section */
		CFED79BE24CA748700DCE238 /* Debug */ = {
			isa = XCBuildConfiguration;
			buildSettings = {
				ALWAYS_SEARCH_USER_PATHS = NO;
				CLANG_ANALYZER_NONNULL = YES;
				CLANG_ANALYZER_NUMBER_OBJECT_CONVERSION = YES_AGGRESSIVE;
				CLANG_CXX_LANGUAGE_STANDARD = "gnu++14";
				CLANG_CXX_LIBRARY = "libc++";
				CLANG_ENABLE_MODULES = YES;
				CLANG_ENABLE_OBJC_ARC = YES;
				CLANG_ENABLE_OBJC_WEAK = YES;
				CLANG_WARN_BLOCK_CAPTURE_AUTORELEASING = YES;
				CLANG_WARN_BOOL_CONVERSION = YES;
				CLANG_WARN_COMMA = YES;
				CLANG_WARN_CONSTANT_CONVERSION = YES;
				CLANG_WARN_DEPRECATED_OBJC_IMPLEMENTATIONS = YES;
				CLANG_WARN_DIRECT_OBJC_ISA_USAGE = YES_ERROR;
				CLANG_WARN_DOCUMENTATION_COMMENTS = YES;
				CLANG_WARN_EMPTY_BODY = YES;
				CLANG_WARN_ENUM_CONVERSION = YES;
				CLANG_WARN_INFINITE_RECURSION = YES;
				CLANG_WARN_INT_CONVERSION = YES;
				CLANG_WARN_NON_LITERAL_NULL_CONVERSION = YES;
				CLANG_WARN_OBJC_IMPLICIT_RETAIN_SELF = YES;
				CLANG_WARN_OBJC_LITERAL_CONVERSION = YES;
				CLANG_WARN_OBJC_ROOT_CLASS = YES_ERROR;
				CLANG_WARN_RANGE_LOOP_ANALYSIS = YES;
				CLANG_WARN_STRICT_PROTOTYPES = YES;
				CLANG_WARN_SUSPICIOUS_MOVE = YES;
				CLANG_WARN_UNGUARDED_AVAILABILITY = YES_AGGRESSIVE;
				CLANG_WARN_UNREACHABLE_CODE = YES;
				CLANG_WARN__DUPLICATE_METHOD_MATCH = YES;
				COPY_PHASE_STRIP = NO;
				DEBUG_INFORMATION_FORMAT = dwarf;
				ENABLE_STRICT_OBJC_MSGSEND = YES;
				ENABLE_TESTABILITY = YES;
				GCC_C_LANGUAGE_STANDARD = gnu11;
				GCC_DYNAMIC_NO_PIC = NO;
				GCC_NO_COMMON_BLOCKS = YES;
				GCC_OPTIMIZATION_LEVEL = 0;
				GCC_PREPROCESSOR_DEFINITIONS = (
					"DEBUG=1",
					"$(inherited)",
				);
				GCC_WARN_64_TO_32_BIT_CONVERSION = YES;
				GCC_WARN_ABOUT_RETURN_TYPE = YES_ERROR;
				GCC_WARN_UNDECLARED_SELECTOR = YES;
				GCC_WARN_UNINITIALIZED_AUTOS = YES_AGGRESSIVE;
				GCC_WARN_UNUSED_FUNCTION = YES;
				GCC_WARN_UNUSED_VARIABLE = YES;
				IPHONEOS_DEPLOYMENT_TARGET = 13.6;
				MTL_ENABLE_DEBUG_INFO = INCLUDE_SOURCE;
				MTL_FAST_MATH = YES;
				ONLY_ACTIVE_ARCH = YES;
				SDKROOT = iphoneos;
				SWIFT_ACTIVE_COMPILATION_CONDITIONS = DEBUG;
				SWIFT_OPTIMIZATION_LEVEL = "-Onone";
			};
			name = Debug;
		};
		CFED79BF24CA748700DCE238 /* Release */ = {
			isa = XCBuildConfiguration;
			buildSettings = {
				ALWAYS_SEARCH_USER_PATHS = NO;
				CLANG_ANALYZER_NONNULL = YES;
				CLANG_ANALYZER_NUMBER_OBJECT_CONVERSION = YES_AGGRESSIVE;
				CLANG_CXX_LANGUAGE_STANDARD = "gnu++14";
				CLANG_CXX_LIBRARY = "libc++";
				CLANG_ENABLE_MODULES = YES;
				CLANG_ENABLE_OBJC_ARC = YES;
				CLANG_ENABLE_OBJC_WEAK = YES;
				CLANG_WARN_BLOCK_CAPTURE_AUTORELEASING = YES;
				CLANG_WARN_BOOL_CONVERSION = YES;
				CLANG_WARN_COMMA = YES;
				CLANG_WARN_CONSTANT_CONVERSION = YES;
				CLANG_WARN_DEPRECATED_OBJC_IMPLEMENTATIONS = YES;
				CLANG_WARN_DIRECT_OBJC_ISA_USAGE = YES_ERROR;
				CLANG_WARN_DOCUMENTATION_COMMENTS = YES;
				CLANG_WARN_EMPTY_BODY = YES;
				CLANG_WARN_ENUM_CONVERSION = YES;
				CLANG_WARN_INFINITE_RECURSION = YES;
				CLANG_WARN_INT_CONVERSION = YES;
				CLANG_WARN_NON_LITERAL_NULL_CONVERSION = YES;
				CLANG_WARN_OBJC_IMPLICIT_RETAIN_SELF = YES;
				CLANG_WARN_OBJC_LITERAL_CONVERSION = YES;
				CLANG_WARN_OBJC_ROOT_CLASS = YES_ERROR;
				CLANG_WARN_RANGE_LOOP_ANALYSIS = YES;
				CLANG_WARN_STRICT_PROTOTYPES = YES;
				CLANG_WARN_SUSPICIOUS_MOVE = YES;
				CLANG_WARN_UNGUARDED_AVAILABILITY = YES_AGGRESSIVE;
				CLANG_WARN_UNREACHABLE_CODE = YES;
				CLANG_WARN__DUPLICATE_METHOD_MATCH = YES;
				COPY_PHASE_STRIP = NO;
				DEBUG_INFORMATION_FORMAT = "dwarf-with-dsym";
				ENABLE_NS_ASSERTIONS = NO;
				ENABLE_STRICT_OBJC_MSGSEND = YES;
				GCC_C_LANGUAGE_STANDARD = gnu11;
				GCC_NO_COMMON_BLOCKS = YES;
				GCC_WARN_64_TO_32_BIT_CONVERSION = YES;
				GCC_WARN_ABOUT_RETURN_TYPE = YES_ERROR;
				GCC_WARN_UNDECLARED_SELECTOR = YES;
				GCC_WARN_UNINITIALIZED_AUTOS = YES_AGGRESSIVE;
				GCC_WARN_UNUSED_FUNCTION = YES;
				GCC_WARN_UNUSED_VARIABLE = YES;
				IPHONEOS_DEPLOYMENT_TARGET = 13.6;
				MTL_ENABLE_DEBUG_INFO = NO;
				MTL_FAST_MATH = YES;
				SDKROOT = iphoneos;
				SWIFT_COMPILATION_MODE = wholemodule;
				SWIFT_OPTIMIZATION_LEVEL = "-O";
				VALIDATE_PRODUCT = YES;
			};
			name = Release;
		};
		CFED79C124CA748700DCE238 /* Debug */ = {
			isa = XCBuildConfiguration;
			buildSettings = {
				ASSETCATALOG_COMPILER_APPICON_NAME = AppIcon;
				CODE_SIGN_STYLE = Automatic;
				DEVELOPMENT_ASSET_PATHS = "\"Github Example/Preview Content\"";
				DEVELOPMENT_TEAM = 482J99T69B;
				ENABLE_PREVIEWS = YES;
				INFOPLIST_FILE = "Github Example/Info.plist";
				LD_RUNPATH_SEARCH_PATHS = (
					"$(inherited)",
					"@executable_path/Frameworks",
				);
				PRODUCT_BUNDLE_IDENTIFIER = "com.analogpotato.Github-Example";
				PRODUCT_NAME = "$(TARGET_NAME)";
				SWIFT_VERSION = 5.0;
				TARGETED_DEVICE_FAMILY = "1,2";
			};
			name = Debug;
		};
		CFED79C224CA748700DCE238 /* Release */ = {
			isa = XCBuildConfiguration;
			buildSettings = {
				ASSETCATALOG_COMPILER_APPICON_NAME = AppIcon;
				CODE_SIGN_STYLE = Automatic;
				DEVELOPMENT_ASSET_PATHS = "\"Github Example/Preview Content\"";
				DEVELOPMENT_TEAM = 482J99T69B;
				ENABLE_PREVIEWS = YES;
				INFOPLIST_FILE = "Github Example/Info.plist";
				LD_RUNPATH_SEARCH_PATHS = (
					"$(inherited)",
					"@executable_path/Frameworks",
				);
				PRODUCT_BUNDLE_IDENTIFIER = "com.analogpotato.Github-Example";
				PRODUCT_NAME = "$(TARGET_NAME)";
				SWIFT_VERSION = 5.0;
				TARGETED_DEVICE_FAMILY = "1,2";
			};
			name = Release;
		};
/* End XCBuildConfiguration section */

/* Begin XCConfigurationList section */
		CFED79A724CA748500DCE238 /* Build configuration list for PBXProject "Github Example" */ = {
			isa = XCConfigurationList;
			buildConfigurations = (
				CFED79BE24CA748700DCE238 /* Debug */,
				CFED79BF24CA748700DCE238 /* Release */,
			);
			defaultConfigurationIsVisible = 0;
			defaultConfigurationName = Release;
		};
		CFED79C024CA748700DCE238 /* Build configuration list for PBXNativeTarget "Github Example" */ = {
			isa = XCConfigurationList;
			buildConfigurations = (
				CFED79C124CA748700DCE238 /* Debug */,
				CFED79C224CA748700DCE238 /* Release */,
			);
			defaultConfigurationIsVisible = 0;
			defaultConfigurationName = Release;
		};
/* End XCConfigurationList section */
	};
	rootObject = CFED79A424CA748500DCE238 /* Project object */;
}
